
Microsoft Visual Studio Solution File, Format Version 12.00
# Visual Studio 15
VisualStudioVersion = 15.0.28010.2041
MinimumVisualStudioVersion = 10.0.40219.1
Project("{FAE04EC0-301F-11D3-BF4B-00C04F79EFBC}") = "01. Action Print", "01. Action Print\01. Action Print.csproj", "{18C95831-BB6A-4954-8731-C43679C03589}"
EndProject
Project("{FAE04EC0-301F-11D3-BF4B-00C04F79EFBC}") = "02. Knights of Honor", "02. Knights of Honor\02. Knights of Honor.csproj", "{5550831E-879D-452E-920D-871CB0FC88DD}"
EndProject
Project("{FAE04EC0-301F-11D3-BF4B-00C04F79EFBC}") = "03. Custom Min Function", "03. Custom Min Function\03. Custom Min Function.csproj", "{719CD64C-8555-444B-8209-973AE6667F60}"
EndProject
Project("{FAE04EC0-301F-11D3-BF4B-00C04F79EFBC}") = "04. Find Evens or Odds", "04. Find Evens or Odds\04. Find Evens or Odds.csproj", "{E52AC201-871C-4922-B527-24949A30FC2E}"
EndProject
Project("{FAE04EC0-301F-11D3-BF4B-00C04F79EFBC}") = "05. Applied Arithmetics", "05. Applied Arithmetics\05. Applied Arithmetics.csproj", "{0058B987-B686-4AC5-925F-0191ED040B9D}"
EndProject
Project("{FAE04EC0-301F-11D3-BF4B-00C04F79EFBC}") = "06. Reverse And Exclude", "06. Reverse And Exclude\06. Reverse And Exclude.csproj", "{C9358D0D-430B-4708-9625-96EB092B4668}"
EndProject
Project("{FAE04EC0-301F-11D3-BF4B-00C04F79EFBC}") = "07. Predicate For Names", "07. Predicate For Names\07. Predicate For Names.csproj", "{47165C2B-E048-4499-8389-CE407C9A68B6}"
EndProject
Project("{FAE04EC0-301F-11D3-BF4B-00C04F79EFBC}") = "08. Custom Comparator", "08. Custom Comparator\08. Custom Comparator.csproj", "{1CB0C06C-8C54-4264-961B-876171D48390}"
EndProject
Project("{FAE04EC0-301F-11D3-BF4B-00C04F79EFBC}") = "09. List Of Predicates", "09. List Of Predicates\09. List Of Predicates.csproj", "{51D4E0B7-C669-46FE-8BD5-3DAC1922401B}"
EndProject
Project("{FAE04EC0-301F-11D3-BF4B-00C04F79EFBC}") = "10. Predicate Party!", "10. Predicate Party!\10. Predicate Party!.csproj", "{BD65193A-1F79-4B51-AC01-2EBA212F87C2}"
EndProject
Project("{FAE04EC0-301F-11D3-BF4B-00C04F79EFBC}") = "11. The Party Reservation Filter Module", "11. The Party Reservation Filter Module\11. The Party Reservation Filter Module.csproj", "{83FCCBE1-4CE4-4B1C-918F-C5554F884D86}"
EndProject
Project("{FAE04EC0-301F-11D3-BF4B-00C04F79EFBC}") = "12. Inferno III", "12. Inferno III\12. Inferno III.csproj", "{E8E51FD3-3F17-491B-9EC8-56131374FFF6}"
EndProject
Project("{FAE04EC0-301F-11D3-BF4B-00C04F79EFBC}") = "13. TriFunction", "13. TriFunction\13. TriFunction.csproj", "{FF129EF0-F7D7-45FD-A24A-D883807B88CD}"
EndProject
Global
	GlobalSection(SolutionConfigurationPlatforms) = preSolution
		Debug|Any CPU = Debug|Any CPU
		Release|Any CPU = Release|Any CPU
	EndGlobalSection
	GlobalSection(ProjectConfigurationPlatforms) = postSolution
		{18C95831-BB6A-4954-8731-C43679C03589}.Debug|Any CPU.ActiveCfg = Debug|Any CPU
		{18C95831-BB6A-4954-8731-C43679C03589}.Debug|Any CPU.Build.0 = Debug|Any CPU
		{18C95831-BB6A-4954-8731-C43679C03589}.Release|Any CPU.ActiveCfg = Release|Any CPU
		{18C95831-BB6A-4954-8731-C43679C03589}.Release|Any CPU.Build.0 = Release|Any CPU
		{5550831E-879D-452E-920D-871CB0FC88DD}.Debug|Any CPU.ActiveCfg = Debug|Any CPU
		{5550831E-879D-452E-920D-871CB0FC88DD}.Debug|Any CPU.Build.0 = Debug|Any CPU
		{5550831E-879D-452E-920D-871CB0FC88DD}.Release|Any CPU.ActiveCfg = Release|Any CPU
		{5550831E-879D-452E-920D-871CB0FC88DD}.Release|Any CPU.Build.0 = Release|Any CPU
		{719CD64C-8555-444B-8209-973AE6667F60}.Debug|Any CPU.ActiveCfg = Debug|Any CPU
		{719CD64C-8555-444B-8209-973AE6667F60}.Debug|Any CPU.Build.0 = Debug|Any CPU
		{719CD64C-8555-444B-8209-973AE6667F60}.Release|Any CPU.ActiveCfg = Release|Any CPU
		{719CD64C-8555-444B-8209-973AE6667F60}.Release|Any CPU.Build.0 = Release|Any CPU
		{E52AC201-871C-4922-B527-24949A30FC2E}.Debug|Any CPU.ActiveCfg = Debug|Any CPU
		{E52AC201-871C-4922-B527-24949A30FC2E}.Debug|Any CPU.Build.0 = Debug|Any CPU
		{E52AC201-871C-4922-B527-24949A30FC2E}.Release|Any CPU.ActiveCfg = Release|Any CPU
		{E52AC201-871C-4922-B527-24949A30FC2E}.Release|Any CPU.Build.0 = Release|Any CPU
		{0058B987-B686-4AC5-925F-0191ED040B9D}.Debug|Any CPU.ActiveCfg = Debug|Any CPU
		{0058B987-B686-4AC5-925F-0191ED040B9D}.Debug|Any CPU.Build.0 = Debug|Any CPU
		{0058B987-B686-4AC5-925F-0191ED040B9D}.Release|Any CPU.ActiveCfg = Release|Any CPU
		{0058B987-B686-4AC5-925F-0191ED040B9D}.Release|Any CPU.Build.0 = Release|Any CPU
		{C9358D0D-430B-4708-9625-96EB092B4668}.Debug|Any CPU.ActiveCfg = Debug|Any CPU
		{C9358D0D-430B-4708-9625-96EB092B4668}.Debug|Any CPU.Build.0 = Debug|Any CPU
		{C9358D0D-430B-4708-9625-96EB092B4668}.Release|Any CPU.ActiveCfg = Release|Any CPU
		{C9358D0D-430B-4708-9625-96EB092B4668}.Release|Any CPU.Build.0 = Release|Any CPU
		{47165C2B-E048-4499-8389-CE407C9A68B6}.Debug|Any CPU.ActiveCfg = Debug|Any CPU
		{47165C2B-E048-4499-8389-CE407C9A68B6}.Debug|Any CPU.Build.0 = Debug|Any CPU
		{47165C2B-E048-4499-8389-CE407C9A68B6}.Release|Any CPU.ActiveCfg = Release|Any CPU
		{47165C2B-E048-4499-8389-CE407C9A68B6}.Release|Any CPU.Build.0 = Release|Any CPU
		{1CB0C06C-8C54-4264-961B-876171D48390}.Debug|Any CPU.ActiveCfg = Debug|Any CPU
		{1CB0C06C-8C54-4264-961B-876171D48390}.Debug|Any CPU.Build.0 = Debug|Any CPU
		{1CB0C06C-8C54-4264-961B-876171D48390}.Release|Any CPU.ActiveCfg = Release|Any CPU
		{1CB0C06C-8C54-4264-961B-876171D48390}.Release|Any CPU.Build.0 = Release|Any CPU
		{51D4E0B7-C669-46FE-8BD5-3DAC1922401B}.Debug|Any CPU.ActiveCfg = Debug|Any CPU
		{51D4E0B7-C669-46FE-8BD5-3DAC1922401B}.Debug|Any CPU.Build.0 = Debug|Any CPU
		{51D4E0B7-C669-46FE-8BD5-3DAC1922401B}.Release|Any CPU.ActiveCfg = Release|Any CPU
		{51D4E0B7-C669-46FE-8BD5-3DAC1922401B}.Release|Any CPU.Build.0 = Release|Any CPU
		{BD65193A-1F79-4B51-AC01-2EBA212F87C2}.Debug|Any CPU.ActiveCfg = Debug|Any CPU
		{BD65193A-1F79-4B51-AC01-2EBA212F87C2}.Debug|Any CPU.Build.0 = Debug|Any CPU
		{BD65193A-1F79-4B51-AC01-2EBA212F87C2}.Release|Any CPU.ActiveCfg = Release|Any CPU
		{BD65193A-1F79-4B51-AC01-2EBA212F87C2}.Release|Any CPU.Build.0 = Release|Any CPU
		{83FCCBE1-4CE4-4B1C-918F-C5554F884D86}.Debug|Any CPU.ActiveCfg = Debug|Any CPU
		{83FCCBE1-4CE4-4B1C-918F-C5554F884D86}.Debug|Any CPU.Build.0 = Debug|Any CPU
		{83FCCBE1-4CE4-4B1C-918F-C5554F884D86}.Release|Any CPU.ActiveCfg = Release|Any CPU
		{83FCCBE1-4CE4-4B1C-918F-C5554F884D86}.Release|Any CPU.Build.0 = Release|Any CPU
		{E8E51FD3-3F17-491B-9EC8-56131374FFF6}.Debug|Any CPU.ActiveCfg = Debug|Any CPU
		{E8E51FD3-3F17-491B-9EC8-56131374FFF6}.Debug|Any CPU.Build.0 = Debug|Any CPU
		{E8E51FD3-3F17-491B-9EC8-56131374FFF6}.Release|Any CPU.ActiveCfg = Release|Any CPU
		{E8E51FD3-3F17-491B-9EC8-56131374FFF6}.Release|Any CPU.Build.0 = Release|Any CPU
		{FF129EF0-F7D7-45FD-A24A-D883807B88CD}.Debug|Any CPU.ActiveCfg = Debug|Any CPU
		{FF129EF0-F7D7-45FD-A24A-D883807B88CD}.Debug|Any CPU.Build.0 = Debug|Any CPU
		{FF129EF0-F7D7-45FD-A24A-D883807B88CD}.Release|Any CPU.ActiveCfg = Release|Any CPU
		{FF129EF0-F7D7-45FD-A24A-D883807B88CD}.Release|Any CPU.Build.0 = Release|Any CPU
	EndGlobalSection
	GlobalSection(SolutionProperties) = preSolution
		HideSolutionNode = FALSE
	EndGlobalSection
	GlobalSection(ExtensibilityGlobals) = postSolution
		SolutionGuid = {59277912-65C1-4ED4-8A3B-59D1C03EE4DC}
	EndGlobalSection
EndGlobal
